# This file is autogenerated, do not edit; changes may be undone by the next 'dep ensure'.


[[projects]]
  branch = "master"
  name = "github.com/genuinetools/pkg"
  packages = ["cli"]
  revision = "2fcf164d37cbd1a3a7636033da231aab22f73434"

[solve-meta]
  analyzer-name = "dep"
  analyzer-version = 1
  inputs-digest = "d59e4e4ecd0f63b5b9e60f734f1631d7977adab100979253a8c0e21f7fa4f7ae"
  solver-name = "gps-cdcl"
  solver-version = 1
